
Microsoft Visual Studio Solution File, Format Version 12.00
# Visual Studio Version 17
VisualStudioVersion = 17.6.33712.159
MinimumVisualStudioVersion = 10.0.40219.1
Project("{9A19103F-16F7-4668-BE54-9A1E7A4F7556}") = "bulletin-board", "bulletin-board.csproj", "{BD7C4369-3BCD-41C9-941A-7AB713926EEE}"
	ProjectSection(ProjectDependencies) = postProject
		{0D2F3EBC-B835-4A4A-9C44-0A53D1CA410C} = {0D2F3EBC-B835-4A4A-9C44-0A53D1CA410C}
		{5021BB5F-2B9C-43DD-9C7E-579813C15643} = {5021BB5F-2B9C-43DD-9C7E-579813C15643}
		{7A77109D-EABF-49CA-8A7E-B001B0CA2D04} = {7A77109D-EABF-49CA-8A7E-B001B0CA2D04}
		{9F9E8F3D-DF37-43F0-9190-8523D676207D} = {9F9E8F3D-DF37-43F0-9190-8523D676207D}
		{C37645C0-4DA1-49B4-8801-0026E549AA68} = {C37645C0-4DA1-49B4-8801-0026E549AA68}
		{C6D557F3-934E-4FE7-BFA6-E3CD59C1853A} = {C6D557F3-934E-4FE7-BFA6-E3CD59C1853A}
		{D2C2DC69-ECA0-48B1-B257-B8A1787D3A41} = {D2C2DC69-ECA0-48B1-B257-B8A1787D3A41}
		{F1B22B5E-9F35-4BD0-A3E8-B9C834E43145} = {F1B22B5E-9F35-4BD0-A3E8-B9C834E43145}
	EndProjectSection
EndProject
Project("{2150E333-8FDC-42A3-9474-1A3956D46DE8}") = "src", "src", "{0B28DA06-5328-4E56-9A19-1ECC3A7C3B31}"
EndProject
Project("{2150E333-8FDC-42A3-9474-1A3956D46DE8}") = "BulletinBoard", "BulletinBoard", "{5FBECE27-7EA7-4A87-B197-1DB5D581F4B0}"
EndProject
Project("{2150E333-8FDC-42A3-9474-1A3956D46DE8}") = "Hosts", "Hosts", "{702838F4-6993-4A00-AABC-6444E747B6A1}"
EndProject
Project("{2150E333-8FDC-42A3-9474-1A3956D46DE8}") = "Contracts", "Contracts", "{CBF4061B-7F82-4E0D-857F-0917BD722311}"
EndProject
Project("{2150E333-8FDC-42A3-9474-1A3956D46DE8}") = "Application", "Application", "{70258D9D-D7FF-477C-8A61-A31C77169A05}"
EndProject
Project("{2150E333-8FDC-42A3-9474-1A3956D46DE8}") = "Clients", "Clients", "{FB6279C5-BA81-4207-9345-91089BAA1902}"
EndProject
Project("{2150E333-8FDC-42A3-9474-1A3956D46DE8}") = "Domain", "Domain", "{A6AA4192-4476-49E9-9E05-B7853DC3F228}"
EndProject
Project("{2150E333-8FDC-42A3-9474-1A3956D46DE8}") = "Infrastructure", "Infrastructure", "{62264636-8049-4BAE-B096-36323929E343}"
EndProject
Project("{9A19103F-16F7-4668-BE54-9A1E7A4F7556}") = "BulletinBoard.Domain", "src\BulletinBoard\Domain\BulletinBoard.Domain\BulletinBoard.Domain.csproj", "{0D2F3EBC-B835-4A4A-9C44-0A53D1CA410C}"
EndProject
Project("{9A19103F-16F7-4668-BE54-9A1E7A4F7556}") = "BulletinBoard.Contracts", "src\BulletinBoard\Contracts\BulletinBoard.Contracts\BulletinBoard.Contracts.csproj", "{F1B22B5E-9F35-4BD0-A3E8-B9C834E43145}"
EndProject
Project("{9A19103F-16F7-4668-BE54-9A1E7A4F7556}") = "BulletinBoard.Clients", "src\BulletinBoard\Clients\BulletinBoard.Clients\BulletinBoard.Clients.csproj", "{C37645C0-4DA1-49B4-8801-0026E549AA68}"
EndProject
Project("{9A19103F-16F7-4668-BE54-9A1E7A4F7556}") = "BulletinBoard.Application.AppServices", "src\BulletinBoard\Application\BulletinBoard.Application.AppServices\BulletinBoard.Application.AppServices.csproj", "{7A77109D-EABF-49CA-8A7E-B001B0CA2D04}"
EndProject
Project("{9A19103F-16F7-4668-BE54-9A1E7A4F7556}") = "BulletinBoard.Infrastructure", "src\BulletinBoard\Infrastructure\BulletinBoard.Infrastructure\BulletinBoard.Infrastructure.csproj", "{9F9E8F3D-DF37-43F0-9190-8523D676207D}"
	ProjectSection(ProjectDependencies) = postProject
		{D2C2DC69-ECA0-48B1-B257-B8A1787D3A41} = {D2C2DC69-ECA0-48B1-B257-B8A1787D3A41}
	EndProjectSection
EndProject
Project("{9A19103F-16F7-4668-BE54-9A1E7A4F7556}") = "BulletinBoard.Infrastructure.DataAccess", "src\BulletinBoard\Infrastructure\BulletinBoard.Infrastructure.DataAccess\BulletinBoard.Infrastructure.DataAccess.csproj", "{D2C2DC69-ECA0-48B1-B257-B8A1787D3A41}"
EndProject
Project("{9A19103F-16F7-4668-BE54-9A1E7A4F7556}") = "BulletinBoard.Infrastructure.ComponentRegistrar", "src\BulletinBoard\Infrastructure\BulletinBoard.Infrastructure.ComponentRegistrar\BulletinBoard.Infrastructure.ComponentRegistrar.csproj", "{C6D557F3-934E-4FE7-BFA6-E3CD59C1853A}"
	ProjectSection(ProjectDependencies) = postProject
		{9F9E8F3D-DF37-43F0-9190-8523D676207D} = {9F9E8F3D-DF37-43F0-9190-8523D676207D}
		{D2C2DC69-ECA0-48B1-B257-B8A1787D3A41} = {D2C2DC69-ECA0-48B1-B257-B8A1787D3A41}
	EndProjectSection
EndProject
Project("{9A19103F-16F7-4668-BE54-9A1E7A4F7556}") = "BulletinBoard.Hosts.Api", "src\BulletinBoard\Hosts\BulletinBoard.Hosts.Api\BulletinBoard.Hosts.Api.csproj", "{5021BB5F-2B9C-43DD-9C7E-579813C15643}"
EndProject
Project("{9A19103F-16F7-4668-BE54-9A1E7A4F7556}") = "BulletinBoard.Hosts.DbMigrator", "src\BulletinBoard\Hosts\BulletinBoard.Hosts.Migrations\BulletinBoard.Hosts.DbMigrator.csproj", "{24307D5D-BA0E-4061-A018-E2566B17CE0A}"
EndProject
Global
	GlobalSection(SolutionConfigurationPlatforms) = preSolution
		Debug|Any CPU = Debug|Any CPU
		Release|Any CPU = Release|Any CPU
	EndGlobalSection
	GlobalSection(ProjectConfigurationPlatforms) = postSolution
		{BD7C4369-3BCD-41C9-941A-7AB713926EEE}.Debug|Any CPU.ActiveCfg = Debug|Any CPU
		{BD7C4369-3BCD-41C9-941A-7AB713926EEE}.Debug|Any CPU.Build.0 = Debug|Any CPU
		{BD7C4369-3BCD-41C9-941A-7AB713926EEE}.Release|Any CPU.ActiveCfg = Release|Any CPU
		{BD7C4369-3BCD-41C9-941A-7AB713926EEE}.Release|Any CPU.Build.0 = Release|Any CPU
		{0D2F3EBC-B835-4A4A-9C44-0A53D1CA410C}.Debug|Any CPU.ActiveCfg = Debug|Any CPU
		{0D2F3EBC-B835-4A4A-9C44-0A53D1CA410C}.Debug|Any CPU.Build.0 = Debug|Any CPU
		{0D2F3EBC-B835-4A4A-9C44-0A53D1CA410C}.Release|Any CPU.ActiveCfg = Release|Any CPU
		{0D2F3EBC-B835-4A4A-9C44-0A53D1CA410C}.Release|Any CPU.Build.0 = Release|Any CPU
		{F1B22B5E-9F35-4BD0-A3E8-B9C834E43145}.Debug|Any CPU.ActiveCfg = Debug|Any CPU
		{F1B22B5E-9F35-4BD0-A3E8-B9C834E43145}.Debug|Any CPU.Build.0 = Debug|Any CPU
		{F1B22B5E-9F35-4BD0-A3E8-B9C834E43145}.Release|Any CPU.ActiveCfg = Release|Any CPU
		{F1B22B5E-9F35-4BD0-A3E8-B9C834E43145}.Release|Any CPU.Build.0 = Release|Any CPU
		{C37645C0-4DA1-49B4-8801-0026E549AA68}.Debug|Any CPU.ActiveCfg = Debug|Any CPU
		{C37645C0-4DA1-49B4-8801-0026E549AA68}.Debug|Any CPU.Build.0 = Debug|Any CPU
		{C37645C0-4DA1-49B4-8801-0026E549AA68}.Release|Any CPU.ActiveCfg = Release|Any CPU
		{C37645C0-4DA1-49B4-8801-0026E549AA68}.Release|Any CPU.Build.0 = Release|Any CPU
		{7A77109D-EABF-49CA-8A7E-B001B0CA2D04}.Debug|Any CPU.ActiveCfg = Debug|Any CPU
		{7A77109D-EABF-49CA-8A7E-B001B0CA2D04}.Debug|Any CPU.Build.0 = Debug|Any CPU
		{7A77109D-EABF-49CA-8A7E-B001B0CA2D04}.Release|Any CPU.ActiveCfg = Release|Any CPU
		{7A77109D-EABF-49CA-8A7E-B001B0CA2D04}.Release|Any CPU.Build.0 = Release|Any CPU
		{9F9E8F3D-DF37-43F0-9190-8523D676207D}.Debug|Any CPU.ActiveCfg = Debug|Any CPU
		{9F9E8F3D-DF37-43F0-9190-8523D676207D}.Debug|Any CPU.Build.0 = Debug|Any CPU
		{9F9E8F3D-DF37-43F0-9190-8523D676207D}.Release|Any CPU.ActiveCfg = Release|Any CPU
		{9F9E8F3D-DF37-43F0-9190-8523D676207D}.Release|Any CPU.Build.0 = Release|Any CPU
		{D2C2DC69-ECA0-48B1-B257-B8A1787D3A41}.Debug|Any CPU.ActiveCfg = Debug|Any CPU
		{D2C2DC69-ECA0-48B1-B257-B8A1787D3A41}.Debug|Any CPU.Build.0 = Debug|Any CPU
		{D2C2DC69-ECA0-48B1-B257-B8A1787D3A41}.Release|Any CPU.ActiveCfg = Release|Any CPU
		{D2C2DC69-ECA0-48B1-B257-B8A1787D3A41}.Release|Any CPU.Build.0 = Release|Any CPU
		{C6D557F3-934E-4FE7-BFA6-E3CD59C1853A}.Debug|Any CPU.ActiveCfg = Debug|Any CPU
		{C6D557F3-934E-4FE7-BFA6-E3CD59C1853A}.Debug|Any CPU.Build.0 = Debug|Any CPU
		{C6D557F3-934E-4FE7-BFA6-E3CD59C1853A}.Release|Any CPU.ActiveCfg = Release|Any CPU
		{C6D557F3-934E-4FE7-BFA6-E3CD59C1853A}.Release|Any CPU.Build.0 = Release|Any CPU
		{5021BB5F-2B9C-43DD-9C7E-579813C15643}.Debug|Any CPU.ActiveCfg = Debug|Any CPU
		{5021BB5F-2B9C-43DD-9C7E-579813C15643}.Debug|Any CPU.Build.0 = Debug|Any CPU
		{5021BB5F-2B9C-43DD-9C7E-579813C15643}.Release|Any CPU.ActiveCfg = Release|Any CPU
		{5021BB5F-2B9C-43DD-9C7E-579813C15643}.Release|Any CPU.Build.0 = Release|Any CPU
		{24307D5D-BA0E-4061-A018-E2566B17CE0A}.Debug|Any CPU.ActiveCfg = Debug|Any CPU
		{24307D5D-BA0E-4061-A018-E2566B17CE0A}.Debug|Any CPU.Build.0 = Debug|Any CPU
		{24307D5D-BA0E-4061-A018-E2566B17CE0A}.Release|Any CPU.ActiveCfg = Release|Any CPU
		{24307D5D-BA0E-4061-A018-E2566B17CE0A}.Release|Any CPU.Build.0 = Release|Any CPU
	EndGlobalSection
	GlobalSection(SolutionProperties) = preSolution
		HideSolutionNode = FALSE
	EndGlobalSection
	GlobalSection(NestedProjects) = preSolution
		{5FBECE27-7EA7-4A87-B197-1DB5D581F4B0} = {0B28DA06-5328-4E56-9A19-1ECC3A7C3B31}
		{702838F4-6993-4A00-AABC-6444E747B6A1} = {5FBECE27-7EA7-4A87-B197-1DB5D581F4B0}
		{CBF4061B-7F82-4E0D-857F-0917BD722311} = {5FBECE27-7EA7-4A87-B197-1DB5D581F4B0}
		{70258D9D-D7FF-477C-8A61-A31C77169A05} = {5FBECE27-7EA7-4A87-B197-1DB5D581F4B0}
		{FB6279C5-BA81-4207-9345-91089BAA1902} = {5FBECE27-7EA7-4A87-B197-1DB5D581F4B0}
		{A6AA4192-4476-49E9-9E05-B7853DC3F228} = {5FBECE27-7EA7-4A87-B197-1DB5D581F4B0}
		{62264636-8049-4BAE-B096-36323929E343} = {5FBECE27-7EA7-4A87-B197-1DB5D581F4B0}
		{0D2F3EBC-B835-4A4A-9C44-0A53D1CA410C} = {A6AA4192-4476-49E9-9E05-B7853DC3F228}
		{F1B22B5E-9F35-4BD0-A3E8-B9C834E43145} = {CBF4061B-7F82-4E0D-857F-0917BD722311}
		{C37645C0-4DA1-49B4-8801-0026E549AA68} = {FB6279C5-BA81-4207-9345-91089BAA1902}
		{7A77109D-EABF-49CA-8A7E-B001B0CA2D04} = {70258D9D-D7FF-477C-8A61-A31C77169A05}
		{9F9E8F3D-DF37-43F0-9190-8523D676207D} = {62264636-8049-4BAE-B096-36323929E343}
		{D2C2DC69-ECA0-48B1-B257-B8A1787D3A41} = {62264636-8049-4BAE-B096-36323929E343}
		{C6D557F3-934E-4FE7-BFA6-E3CD59C1853A} = {62264636-8049-4BAE-B096-36323929E343}
		{5021BB5F-2B9C-43DD-9C7E-579813C15643} = {702838F4-6993-4A00-AABC-6444E747B6A1}
		{24307D5D-BA0E-4061-A018-E2566B17CE0A} = {702838F4-6993-4A00-AABC-6444E747B6A1}
	EndGlobalSection
	GlobalSection(ExtensibilityGlobals) = postSolution
		SolutionGuid = {4D2EFD0E-21B1-4BA4-97A4-432DD7318332}
	EndGlobalSection
EndGlobal
